
Microsoft Visual Studio Solution File, Format Version 12.00
# Visual Studio Version 16
VisualStudioVersion = 16.0.30804.86
MinimumVisualStudioVersion = 10.0.40219.1
Project("{FAE04EC0-301F-11D3-BF4B-00C04F79EFBC}") = "MobileApp_C971_Chakradhar_Konala.UWP", "MobileApp_C971_Chakradhar_Konala\MobileApp_C971_Chakradhar_Konala.UWP\MobileApp_C971_Chakradhar_Konala.UWP.csproj", "{998603BD-8262-4606-8558-05BE6D91049F}"
EndProject
Project("{FAE04EC0-301F-11D3-BF4B-00C04F79EFBC}") = "MobileApp_C971_Chakradhar_Konala.Android", "MobileApp_C971_Chakradhar_Konala\MobileApp_C971_Chakradhar_Konala.Android\MobileApp_C971_Chakradhar_Konala.Android.csproj", "{B8369142-E22E-4A7C-93CF-DB3DCAF45825}"
EndProject
Project("{FAE04EC0-301F-11D3-BF4B-00C04F79EFBC}") = "MobileApp_C971_Chakradhar_Konala.iOS", "MobileApp_C971_Chakradhar_Konala\MobileApp_C971_Chakradhar_Konala.iOS\MobileApp_C971_Chakradhar_Konala.iOS.csproj", "{1AF16891-B6DB-4F69-950F-C86B7CD85A4A}"
EndProject
Project("{FAE04EC0-301F-11D3-BF4B-00C04F79EFBC}") = "MobileApp_C971_Chakradhar_Konala", "MobileApp_C971_Chakradhar_Konala\MobileApp_C971_Chakradhar_Konala\MobileApp_C971_Chakradhar_Konala.csproj", "{AF8DAC17-001B-4E87-9EF6-48AF876E82B0}"
EndProject
Global
	GlobalSection(SolutionConfigurationPlatforms) = preSolution
		Debug|Any CPU = Debug|Any CPU
		Debug|ARM = Debug|ARM
		Debug|iPhone = Debug|iPhone
		Debug|iPhoneSimulator = Debug|iPhoneSimulator
		Debug|x64 = Debug|x64
		Debug|x86 = Debug|x86
		Release|Any CPU = Release|Any CPU
		Release|ARM = Release|ARM
		Release|iPhone = Release|iPhone
		Release|iPhoneSimulator = Release|iPhoneSimulator
		Release|x64 = Release|x64
		Release|x86 = Release|x86
	EndGlobalSection
	GlobalSection(ProjectConfigurationPlatforms) = postSolution
		{998603BD-8262-4606-8558-05BE6D91049F}.Debug|Any CPU.ActiveCfg = Debug|x86
		{998603BD-8262-4606-8558-05BE6D91049F}.Debug|Any CPU.Build.0 = Debug|x86
		{998603BD-8262-4606-8558-05BE6D91049F}.Debug|Any CPU.Deploy.0 = Debug|x86
		{998603BD-8262-4606-8558-05BE6D91049F}.Debug|ARM.ActiveCfg = Debug|ARM
		{998603BD-8262-4606-8558-05BE6D91049F}.Debug|ARM.Build.0 = Debug|ARM
		{998603BD-8262-4606-8558-05BE6D91049F}.Debug|ARM.Deploy.0 = Debug|ARM
		{998603BD-8262-4606-8558-05BE6D91049F}.Debug|iPhone.ActiveCfg = Debug|x86
		{998603BD-8262-4606-8558-05BE6D91049F}.Debug|iPhone.Build.0 = Debug|x86
		{998603BD-8262-4606-8558-05BE6D91049F}.Debug|iPhone.Deploy.0 = Debug|x86
		{998603BD-8262-4606-8558-05BE6D91049F}.Debug|iPhoneSimulator.ActiveCfg = Debug|x86
		{998603BD-8262-4606-8558-05BE6D91049F}.Debug|iPhoneSimulator.Build.0 = Debug|x86
		{998603BD-8262-4606-8558-05BE6D91049F}.Debug|iPhoneSimulator.Deploy.0 = Debug|x86
		{998603BD-8262-4606-8558-05BE6D91049F}.Debug|x64.ActiveCfg = Debug|x64
		{998603BD-8262-4606-8558-05BE6D91049F}.Debug|x64.Build.0 = Debug|x64
		{998603BD-8262-4606-8558-05BE6D91049F}.Debug|x64.Deploy.0 = Debug|x64
		{998603BD-8262-4606-8558-05BE6D91049F}.Debug|x86.ActiveCfg = Debug|x86
		{998603BD-8262-4606-8558-05BE6D91049F}.Debug|x86.Build.0 = Debug|x86
		{998603BD-8262-4606-8558-05BE6D91049F}.Debug|x86.Deploy.0 = Debug|x86
		{998603BD-8262-4606-8558-05BE6D91049F}.Release|Any CPU.ActiveCfg = Release|x86
		{998603BD-8262-4606-8558-05BE6D91049F}.Release|Any CPU.Build.0 = Release|x86
		{998603BD-8262-4606-8558-05BE6D91049F}.Release|Any CPU.Deploy.0 = Release|x86
		{998603BD-8262-4606-8558-05BE6D91049F}.Release|ARM.ActiveCfg = Release|ARM
		{998603BD-8262-4606-8558-05BE6D91049F}.Release|ARM.Build.0 = Release|ARM
		{998603BD-8262-4606-8558-05BE6D91049F}.Release|ARM.Deploy.0 = Release|ARM
		{998603BD-8262-4606-8558-05BE6D91049F}.Release|iPhone.ActiveCfg = Release|x86
		{998603BD-8262-4606-8558-05BE6D91049F}.Release|iPhone.Build.0 = Release|x86
		{998603BD-8262-4606-8558-05BE6D91049F}.Release|iPhone.Deploy.0 = Release|x86
		{998603BD-8262-4606-8558-05BE6D91049F}.Release|iPhoneSimulator.ActiveCfg = Release|x86
		{998603BD-8262-4606-8558-05BE6D91049F}.Release|iPhoneSimulator.Build.0 = Release|x86
		{998603BD-8262-4606-8558-05BE6D91049F}.Release|iPhoneSimulator.Deploy.0 = Release|x86
		{998603BD-8262-4606-8558-05BE6D91049F}.Release|x64.ActiveCfg = Release|x64
		{998603BD-8262-4606-8558-05BE6D91049F}.Release|x64.Build.0 = Release|x64
		{998603BD-8262-4606-8558-05BE6D91049F}.Release|x64.Deploy.0 = Release|x64
		{998603BD-8262-4606-8558-05BE6D91049F}.Release|x86.ActiveCfg = Release|x86
		{998603BD-8262-4606-8558-05BE6D91049F}.Release|x86.Build.0 = Release|x86
		{998603BD-8262-4606-8558-05BE6D91049F}.Release|x86.Deploy.0 = Release|x86
		{B8369142-E22E-4A7C-93CF-DB3DCAF45825}.Debug|Any CPU.ActiveCfg = Debug|Any CPU
		{B8369142-E22E-4A7C-93CF-DB3DCAF45825}.Debug|Any CPU.Build.0 = Debug|Any CPU
		{B8369142-E22E-4A7C-93CF-DB3DCAF45825}.Debug|Any CPU.Deploy.0 = Debug|Any CPU
		{B8369142-E22E-4A7C-93CF-DB3DCAF45825}.Debug|ARM.ActiveCfg = Debug|Any CPU
		{B8369142-E22E-4A7C-93CF-DB3DCAF45825}.Debug|ARM.Build.0 = Debug|Any CPU
		{B8369142-E22E-4A7C-93CF-DB3DCAF45825}.Debug|ARM.Deploy.0 = Debug|Any CPU
		{B8369142-E22E-4A7C-93CF-DB3DCAF45825}.Debug|iPhone.ActiveCfg = Debug|Any CPU
		{B8369142-E22E-4A7C-93CF-DB3DCAF45825}.Debug|iPhone.Build.0 = Debug|Any CPU
		{B8369142-E22E-4A7C-93CF-DB3DCAF45825}.Debug|iPhone.Deploy.0 = Debug|Any CPU
		{B8369142-E22E-4A7C-93CF-DB3DCAF45825}.Debug|iPhoneSimulator.ActiveCfg = Debug|Any CPU
		{B8369142-E22E-4A7C-93CF-DB3DCAF45825}.Debug|iPhoneSimulator.Build.0 = Debug|Any CPU
		{B8369142-E22E-4A7C-93CF-DB3DCAF45825}.Debug|iPhoneSimulator.Deploy.0 = Debug|Any CPU
		{B8369142-E22E-4A7C-93CF-DB3DCAF45825}.Debug|x64.ActiveCfg = Debug|Any CPU
		{B8369142-E22E-4A7C-93CF-DB3DCAF45825}.Debug|x64.Build.0 = Debug|Any CPU
		{B8369142-E22E-4A7C-93CF-DB3DCAF45825}.Debug|x64.Deploy.0 = Debug|Any CPU
		{B8369142-E22E-4A7C-93CF-DB3DCAF45825}.Debug|x86.ActiveCfg = Debug|Any CPU
		{B8369142-E22E-4A7C-93CF-DB3DCAF45825}.Debug|x86.Build.0 = Debug|Any CPU
		{B8369142-E22E-4A7C-93CF-DB3DCAF45825}.Debug|x86.Deploy.0 = Debug|Any CPU
		{B8369142-E22E-4A7C-93CF-DB3DCAF45825}.Release|Any CPU.ActiveCfg = Release|Any CPU
		{B8369142-E22E-4A7C-93CF-DB3DCAF45825}.Release|Any CPU.Build.0 = Release|Any CPU
		{B8369142-E22E-4A7C-93CF-DB3DCAF45825}.Release|Any CPU.Deploy.0 = Release|Any CPU
		{B8369142-E22E-4A7C-93CF-DB3DCAF45825}.Release|ARM.ActiveCfg = Release|Any CPU
		{B8369142-E22E-4A7C-93CF-DB3DCAF45825}.Release|ARM.Build.0 = Release|Any CPU
		{B8369142-E22E-4A7C-93CF-DB3DCAF45825}.Release|ARM.Deploy.0 = Release|Any CPU
		{B8369142-E22E-4A7C-93CF-DB3DCAF45825}.Release|iPhone.ActiveCfg = Release|Any CPU
		{B8369142-E22E-4A7C-93CF-DB3DCAF45825}.Release|iPhone.Build.0 = Release|Any CPU
		{B8369142-E22E-4A7C-93CF-DB3DCAF45825}.Release|iPhone.Deploy.0 = Release|Any CPU
		{B8369142-E22E-4A7C-93CF-DB3DCAF45825}.Release|iPhoneSimulator.ActiveCfg = Release|Any CPU
		{B8369142-E22E-4A7C-93CF-DB3DCAF45825}.Release|iPhoneSimulator.Build.0 = Release|Any CPU
		{B8369142-E22E-4A7C-93CF-DB3DCAF45825}.Release|iPhoneSimulator.Deploy.0 = Release|Any CPU
		{B8369142-E22E-4A7C-93CF-DB3DCAF45825}.Release|x64.ActiveCfg = Release|Any CPU
		{B8369142-E22E-4A7C-93CF-DB3DCAF45825}.Release|x64.Build.0 = Release|Any CPU
		{B8369142-E22E-4A7C-93CF-DB3DCAF45825}.Release|x64.Deploy.0 = Release|Any CPU
		{B8369142-E22E-4A7C-93CF-DB3DCAF45825}.Release|x86.ActiveCfg = Release|Any CPU
		{B8369142-E22E-4A7C-93CF-DB3DCAF45825}.Release|x86.Build.0 = Release|Any CPU
		{B8369142-E22E-4A7C-93CF-DB3DCAF45825}.Release|x86.Deploy.0 = Release|Any CPU
		{1AF16891-B6DB-4F69-950F-C86B7CD85A4A}.Debug|Any CPU.ActiveCfg = Debug|iPhoneSimulator
		{1AF16891-B6DB-4F69-950F-C86B7CD85A4A}.Debug|Any CPU.Build.0 = Debug|iPhoneSimulator
		{1AF16891-B6DB-4F69-950F-C86B7CD85A4A}.Debug|Any CPU.Deploy.0 = Debug|iPhoneSimulator
		{1AF16891-B6DB-4F69-950F-C86B7CD85A4A}.Debug|ARM.ActiveCfg = Debug|iPhone
		{1AF16891-B6DB-4F69-950F-C86B7CD85A4A}.Debug|ARM.Build.0 = Debug|iPhone
		{1AF16891-B6DB-4F69-950F-C86B7CD85A4A}.Debug|ARM.Deploy.0 = Debug|iPhone
		{1AF16891-B6DB-4F69-950F-C86B7CD85A4A}.Debug|iPhone.ActiveCfg = Debug|iPhone
		{1AF16891-B6DB-4F69-950F-C86B7CD85A4A}.Debug|iPhone.Build.0 = Debug|iPhone
		{1AF16891-B6DB-4F69-950F-C86B7CD85A4A}.Debug|iPhone.Deploy.0 = Debug|iPhone
		{1AF16891-B6DB-4F69-950F-C86B7CD85A4A}.Debug|iPhoneSimulator.ActiveCfg = Debug|iPhoneSimulator
		{1AF16891-B6DB-4F69-950F-C86B7CD85A4A}.Debug|iPhoneSimulator.Build.0 = Debug|iPhoneSimulator
		{1AF16891-B6DB-4F69-950F-C86B7CD85A4A}.Debug|iPhoneSimulator.Deploy.0 = Debug|iPhoneSimulator
		{1AF16891-B6DB-4F69-950F-C86B7CD85A4A}.Debug|x64.ActiveCfg = Debug|iPhoneSimulator
		{1AF16891-B6DB-4F69-950F-C86B7CD85A4A}.Debug|x64.Build.0 = Debug|iPhoneSimulator
		{1AF16891-B6DB-4F69-950F-C86B7CD85A4A}.Debug|x64.Deploy.0 = Debug|iPhoneSimulator
		{1AF16891-B6DB-4F69-950F-C86B7CD85A4A}.Debug|x86.ActiveCfg = Debug|iPhoneSimulator
		{1AF16891-B6DB-4F69-950F-C86B7CD85A4A}.Debug|x86.Build.0 = Debug|iPhoneSimulator
		{1AF16891-B6DB-4F69-950F-C86B7CD85A4A}.Debug|x86.Deploy.0 = Debug|iPhoneSimulator
		{1AF16891-B6DB-4F69-950F-C86B7CD85A4A}.Release|Any CPU.ActiveCfg = Release|iPhoneSimulator
		{1AF16891-B6DB-4F69-950F-C86B7CD85A4A}.Release|Any CPU.Build.0 = Release|iPhoneSimulator
		{1AF16891-B6DB-4F69-950F-C86B7CD85A4A}.Release|Any CPU.Deploy.0 = Release|iPhoneSimulator
		{1AF16891-B6DB-4F69-950F-C86B7CD85A4A}.Release|ARM.ActiveCfg = Release|iPhoneSimulator
		{1AF16891-B6DB-4F69-950F-C86B7CD85A4A}.Release|ARM.Build.0 = Release|iPhoneSimulator
		{1AF16891-B6DB-4F69-950F-C86B7CD85A4A}.Release|ARM.Deploy.0 = Release|iPhoneSimulator
		{1AF16891-B6DB-4F69-950F-C86B7CD85A4A}.Release|iPhone.ActiveCfg = Release|iPhone
		{1AF16891-B6DB-4F69-950F-C86B7CD85A4A}.Release|iPhone.Build.0 = Release|iPhone
		{1AF16891-B6DB-4F69-950F-C86B7CD85A4A}.Release|iPhone.Deploy.0 = Release|iPhone
		{1AF16891-B6DB-4F69-950F-C86B7CD85A4A}.Release|iPhoneSimulator.ActiveCfg = Release|iPhoneSimulator
		{1AF16891-B6DB-4F69-950F-C86B7CD85A4A}.Release|iPhoneSimulator.Build.0 = Release|iPhoneSimulator
		{1AF16891-B6DB-4F69-950F-C86B7CD85A4A}.Release|iPhoneSimulator.Deploy.0 = Release|iPhoneSimulator
		{1AF16891-B6DB-4F69-950F-C86B7CD85A4A}.Release|x64.ActiveCfg = Release|iPhoneSimulator
		{1AF16891-B6DB-4F69-950F-C86B7CD85A4A}.Release|x64.Build.0 = Release|iPhoneSimulator
		{1AF16891-B6DB-4F69-950F-C86B7CD85A4A}.Release|x64.Deploy.0 = Release|iPhoneSimulator
		{1AF16891-B6DB-4F69-950F-C86B7CD85A4A}.Release|x86.ActiveCfg = Release|iPhoneSimulator
		{1AF16891-B6DB-4F69-950F-C86B7CD85A4A}.Release|x86.Build.0 = Release|iPhoneSimulator
		{1AF16891-B6DB-4F69-950F-C86B7CD85A4A}.Release|x86.Deploy.0 = Release|iPhoneSimulator
		{AF8DAC17-001B-4E87-9EF6-48AF876E82B0}.Debug|Any CPU.ActiveCfg = Debug|Any CPU
		{AF8DAC17-001B-4E87-9EF6-48AF876E82B0}.Debug|Any CPU.Build.0 = Debug|Any CPU
		{AF8DAC17-001B-4E87-9EF6-48AF876E82B0}.Debug|Any CPU.Deploy.0 = Debug|Any CPU
		{AF8DAC17-001B-4E87-9EF6-48AF876E82B0}.Debug|ARM.ActiveCfg = Debug|Any CPU
		{AF8DAC17-001B-4E87-9EF6-48AF876E82B0}.Debug|ARM.Build.0 = Debug|Any CPU
		{AF8DAC17-001B-4E87-9EF6-48AF876E82B0}.Debug|ARM.Deploy.0 = Debug|Any CPU
		{AF8DAC17-001B-4E87-9EF6-48AF876E82B0}.Debug|iPhone.ActiveCfg = Debug|Any CPU
		{AF8DAC17-001B-4E87-9EF6-48AF876E82B0}.Debug|iPhone.Build.0 = Debug|Any CPU
		{AF8DAC17-001B-4E87-9EF6-48AF876E82B0}.Debug|iPhone.Deploy.0 = Debug|Any CPU
		{AF8DAC17-001B-4E87-9EF6-48AF876E82B0}.Debug|iPhoneSimulator.ActiveCfg = Debug|Any CPU
		{AF8DAC17-001B-4E87-9EF6-48AF876E82B0}.Debug|iPhoneSimulator.Build.0 = Debug|Any CPU
		{AF8DAC17-001B-4E87-9EF6-48AF876E82B0}.Debug|iPhoneSimulator.Deploy.0 = Debug|Any CPU
		{AF8DAC17-001B-4E87-9EF6-48AF876E82B0}.Debug|x64.ActiveCfg = Debug|Any CPU
		{AF8DAC17-001B-4E87-9EF6-48AF876E82B0}.Debug|x64.Build.0 = Debug|Any CPU
		{AF8DAC17-001B-4E87-9EF6-48AF876E82B0}.Debug|x64.Deploy.0 = Debug|Any CPU
		{AF8DAC17-001B-4E87-9EF6-48AF876E82B0}.Debug|x86.ActiveCfg = Debug|Any CPU
		{AF8DAC17-001B-4E87-9EF6-48AF876E82B0}.Debug|x86.Build.0 = Debug|Any CPU
		{AF8DAC17-001B-4E87-9EF6-48AF876E82B0}.Debug|x86.Deploy.0 = Debug|Any CPU
		{AF8DAC17-001B-4E87-9EF6-48AF876E82B0}.Release|Any CPU.ActiveCfg = Release|Any CPU
		{AF8DAC17-001B-4E87-9EF6-48AF876E82B0}.Release|Any CPU.Build.0 = Release|Any CPU
		{AF8DAC17-001B-4E87-9EF6-48AF876E82B0}.Release|Any CPU.Deploy.0 = Release|Any CPU
		{AF8DAC17-001B-4E87-9EF6-48AF876E82B0}.Release|ARM.ActiveCfg = Release|Any CPU
		{AF8DAC17-001B-4E87-9EF6-48AF876E82B0}.Release|ARM.Build.0 = Release|Any CPU
		{AF8DAC17-001B-4E87-9EF6-48AF876E82B0}.Release|ARM.Deploy.0 = Release|Any CPU
		{AF8DAC17-001B-4E87-9EF6-48AF876E82B0}.Release|iPhone.ActiveCfg = Release|Any CPU
		{AF8DAC17-001B-4E87-9EF6-48AF876E82B0}.Release|iPhone.Build.0 = Release|Any CPU
		{AF8DAC17-001B-4E87-9EF6-48AF876E82B0}.Release|iPhone.Deploy.0 = Release|Any CPU
		{AF8DAC17-001B-4E87-9EF6-48AF876E82B0}.Release|iPhoneSimulator.ActiveCfg = Release|Any CPU
		{AF8DAC17-001B-4E87-9EF6-48AF876E82B0}.Release|iPhoneSimulator.Build.0 = Release|Any CPU
		{AF8DAC17-001B-4E87-9EF6-48AF876E82B0}.Release|iPhoneSimulator.Deploy.0 = Release|Any CPU
		{AF8DAC17-001B-4E87-9EF6-48AF876E82B0}.Release|x64.ActiveCfg = Release|Any CPU
		{AF8DAC17-001B-4E87-9EF6-48AF876E82B0}.Release|x64.Build.0 = Release|Any CPU
		{AF8DAC17-001B-4E87-9EF6-48AF876E82B0}.Release|x64.Deploy.0 = Release|Any CPU
		{AF8DAC17-001B-4E87-9EF6-48AF876E82B0}.Release|x86.ActiveCfg = Release|Any CPU
		{AF8DAC17-001B-4E87-9EF6-48AF876E82B0}.Release|x86.Build.0 = Release|Any CPU
		{AF8DAC17-001B-4E87-9EF6-48AF876E82B0}.Release|x86.Deploy.0 = Release|Any CPU
	EndGlobalSection
	GlobalSection(SolutionProperties) = preSolution
		HideSolutionNode = FALSE
	EndGlobalSection
	GlobalSection(ExtensibilityGlobals) = postSolution
		SolutionGuid = {727468EE-AD58-4068-9D81-5C978EB5F335}
	EndGlobalSection
EndGlobal
